{
  "name": "@sympoies/dsh-applications-workspace",
  "version": "0.0.0",
  "lockfileVersion": 3,
  "requires": true,
  "packages": {
    "": {
      "name": "@sympoies/dsh-applications-workspace",
      "version": "0.0.0",
      "license": "MIT",
      "workspaces": [
        "packages/*"
      ],
      "engines": {
        "node": "^22.19.0 || >=24.0.0"
      }
    },
    "node_modules/@sympoies/dsh-application-manager": {
      "resolved": "packages/manager",
      "link": true
    },
    "node_modules/@sympoies/dsh-plugin-sdk": {
      "resolved": "packages/plugin-sdk",
      "link": true
    },
    "node_modules/@sympoies/dsh-rc2-adapter": {
      "resolved": "packages/dsh-rc2-adapter",
      "link": true
    },
    "packages/dsh-rc2-adapter": {
      "name": "@sympoies/dsh-rc2-adapter",
      "version": "0.0.0",
      "license": "MIT",
      "engines": {
        "node": "^22.19.0 || >=24.0.0"
      }
    },
    "packages/manager": {
      "name": "@sympoies/dsh-application-manager",
      "version": "0.0.0",
      "license": "MIT",
      "dependencies": {
        "@sympoies/dsh-plugin-sdk": "0.0.0"
      },
      "engines": {
        "node": "^22.19.0 || >=24.0.0"
      }
    },
    "packages/plugin-sdk": {
      "name": "@sympoies/dsh-plugin-sdk",
      "version": "0.0.0",
      "license": "MIT",
      "engines": {
        "node": "^22.19.0 || >=24.0.0"
      }
    }
  }
}
